// !$*UTF8*$!
{
	archiveVersion = 1;
	classes = {
	};
	objectVersion = 46;
	objects = {

/* Begin PBXBuildFile section */
		BC81AD171A760F9100F4D603 /* main.m in Sources */ = {isa = PBXBuildFile; fileRef = BC81AD161A760F9100F4D603 /* main.m */; };
		BC81AD1A1A760F9100F4D603 /* AppDelegate.m in Sources */ = {isa = PBXBuildFile; fileRef = BC81AD191A760F9100F4D603 /* AppDelegate.m */; };
		BC81AD1D1A760F9100F4D603 /* ViewController.m in Sources */ = {isa = PBXBuildFile; fileRef = BC81AD1C1A760F9100F4D603 /* ViewController.m */; };
		BC81AD201A760F9100F4D603 /* Main.storyboard in Resources */ = {isa = PBXBuildFile; fileRef = BC81AD1E1A760F9100F4D603 /* Main.storyboard */; };
		BC81AD221A760F9100F4D603 /* Images.xcassets in Resources */ = {isa = PBXBuildFile; fileRef = BC81AD211A760F9100F4D603 /* Images.xcassets */; };
		BC81AD251A760F9100F4D603 /* LaunchScreen.xib in Resources */ = {isa = PBXBuildFile; fileRef = BC81AD231A760F9100F4D603 /* LaunchScreen.xib */; };
		BC81AD311A760F9100F4D603 /* ToastDemoTests.m in Sources */ = {isa = PBXBuildFile; fileRef = BC81AD301A760F9100F4D603 /* ToastDemoTests.m */; };
		BC81AD3D1A760FB800F4D603 /* ZYToast.m in Sources */ = {isa = PBXBuildFile; fileRef = BC81AD3C1A760FB800F4D603 /* ZYToast.m */; };
		BC81AD3F1A761DCE00F4D603 /* SucceedNoticeIcon@2x.png in Resources */ = {isa = PBXBuildFile; fileRef = BC81AD3E1A761DCE00F4D603 /* SucceedNoticeIcon@2x.png */; };
/* End PBXBuildFile section */

/* Begin PBXContainerItemProxy section */
		BC81AD2B1A760F9100F4D603 /* PBXContainerItemProxy */ = {
			isa = PBXContainerItemProxy;
			containerPortal = BC81AD091A760F9100F4D603 /* Project object */;
			proxyType = 1;
			remoteGlobalIDString = BC81AD101A760F9100F4D603;
			remoteInfo = ToastDemo;
		};
/* End PBXContainerItemProxy section */

/* Begin PBXFileReference section */
		BC81AD111A760F9100F4D603 /* ToastDemo.app */ = {isa = PBXFileReference; explicitFileType = wrapper.application; includeInIndex = 0; path = ToastDemo.app; sourceTree = BUILT_PRODUCTS_DIR; };
		BC81AD151A760F9100F4D603 /* Info.plist */ = {isa = PBXFileReference; lastKnownFileType = text.plist.xml; path = Info.plist; sourceTree = "<group>"; };
		BC81AD161A760F9100F4D603 /* main.m */ = {isa = PBXFileReference; lastKnownFileType = sourcecode.c.objc; path = main.m; sourceTree = "<group>"; };
		BC81AD181A760F9100F4D603 /* AppDelegate.h */ = {isa = PBXFileReference; lastKnownFileType = sourcecode.c.h; path = AppDelegate.h; sourceTree = "<group>"; };
		BC81AD191A760F9100F4D603 /* AppDelegate.m */ = {isa = PBXFileReference; lastKnownFileType = sourcecode.c.objc; path = AppDelegate.m; sourceTree = "<group>"; };
		BC81AD1B1A760F9100F4D603 /* ViewController.h */ = {isa = PBXFileReference; lastKnownFileType = sourcecode.c.h; path = ViewController.h; sourceTree = "<group>"; };
		BC81AD1C1A760F9100F4D603 /* ViewController.m */ = {isa = PBXFileReference; lastKnownFileType = sourcecode.c.objc; path = ViewController.m; sourceTree = "<group>"; };
		BC81AD1F1A760F9100F4D603 /* Base */ = {isa = PBXFileReference; lastKnownFileType = file.storyboard; name = Base; path = Base.lproj/Main.storyboard; sourceTree = "<group>"; };
		BC81AD211A760F9100F4D603 /* Images.xcassets */ = {isa = PBXFileReference; lastKnownFileType = folder.assetcatalog; path = Images.xcassets; sourceTree = "<group>"; };
		BC81AD241A760F9100F4D603 /* Base */ = {isa = PBXFileReference; lastKnownFileType = file.xib; name = Base; path = Base.lproj/LaunchScreen.xib; sourceTree = "<group>"; };
		BC81AD2A1A760F9100F4D603 /* ToastDemoTests.xctest */ = {isa = PBXFileReference; explicitFileType = wrapper.cfbundle; includeInIndex = 0; path = ToastDemoTests.xctest; sourceTree = BUILT_PRODUCTS_DIR; };
		BC81AD2F1A760F9100F4D603 /* Info.plist */ = {isa = PBXFileReference; lastKnownFileType = text.plist.xml; path = Info.plist; sourceTree = "<group>"; };
		BC81AD301A760F9100F4D603 /* ToastDemoTests.m */ = {isa = PBXFileReference; lastKnownFileType = sourcecode.c.objc; path = ToastDemoTests.m; sourceTree = "<group>"; };
		BC81AD3B1A760FB800F4D603 /* ZYToast.h */ = {isa = PBXFileReference; fileEncoding = 4; lastKnownFileType = sourcecode.c.h; path = ZYToast.h; sourceTree = "<group>"; };
		BC81AD3C1A760FB800F4D603 /* ZYToast.m */ = {isa = PBXFileReference; fileEncoding = 4; lastKnownFileType = sourcecode.c.objc; path = ZYToast.m; sourceTree = "<group>"; };
		BC81AD3E1A761DCE00F4D603 /* SucceedNoticeIcon@2x.png */ = {isa = PBXFileReference; lastKnownFileType = image.png; path = "SucceedNoticeIcon@2x.png"; sourceTree = "<group>"; };
/* End PBXFileReference section */

/* Begin PBXFrameworksBuildPhase section */
		BC81AD0E1A760F9100F4D603 /* Frameworks */ = {
			isa = PBXFrameworksBuildPhase;
			buildActionMask = 2147483647;
			files = (
			);
			runOnlyForDeploymentPostprocessing = 0;
		};
		BC81AD271A760F9100F4D603 /* Frameworks */ = {
			isa = PBXFrameworksBuildPhase;
			buildActionMask = 2147483647;
			files = (
			);
			runOnlyForDeploymentPostprocessing = 0;
		};
/* End PBXFrameworksBuildPhase section */

/* Begin PBXGroup section */
		BC81AD081A760F9100F4D603 = {
			isa = PBXGroup;
			children = (
				BC81AD131A760F9100F4D603 /* ToastDemo */,
				BC81AD2D1A760F9100F4D603 /* ToastDemoTests */,
				BC81AD121A760F9100F4D603 /* Products */,
			);
			sourceTree = "<group>";
		};
		BC81AD121A760F9100F4D603 /* Products */ = {
			isa = PBXGroup;
			children = (
				BC81AD111A760F9100F4D603 /* ToastDemo.app */,
				BC81AD2A1A760F9100F4D603 /* ToastDemoTests.xctest */,
			);
			name = Products;
			sourceTree = "<group>";
		};
		BC81AD131A760F9100F4D603 /* ToastDemo */ = {
			isa = PBXGroup;
			children = (
				BC81AD3A1A760FAA00F4D603 /* Toast */,
				BC81AD181A760F9100F4D603 /* AppDelegate.h */,
				BC81AD191A760F9100F4D603 /* AppDelegate.m */,
				BC81AD1B1A760F9100F4D603 /* ViewController.h */,
				BC81AD1C1A760F9100F4D603 /* ViewController.m */,
				BC81AD1E1A760F9100F4D603 /* Main.storyboard */,
				BC81AD211A760F9100F4D603 /* Images.xcassets */,
				BC81AD231A760F9100F4D603 /* LaunchScreen.xib */,
				BC81AD141A760F9100F4D603 /* Supporting Files */,
			);
			path = ToastDemo;
			sourceTree = "<group>";
		};
		BC81AD141A760F9100F4D603 /* Supporting Files */ = {
			isa = PBXGroup;
			children = (
				BC81AD151A760F9100F4D603 /* Info.plist */,
				BC81AD161A760F9100F4D603 /* main.m */,
			);
			name = "Supporting Files";
			sourceTree = "<group>";
		};
		BC81AD2D1A760F9100F4D603 /* ToastDemoTests */ = {
			isa = PBXGroup;
			children = (
				BC81AD301A760F9100F4D603 /* ToastDemoTests.m */,
				BC81AD2E1A760F9100F4D603 /* Supporting Files */,
			);
			path = ToastDemoTests;
			sourceTree = "<group>";
		};
		BC81AD2E1A760F9100F4D603 /* Supporting Files */ = {
			isa = PBXGroup;
			children = (
				BC81AD2F1A760F9100F4D603 /* Info.plist */,
			);
			name = "Supporting Files";
			sourceTree = "<group>";
		};
		BC81AD3A1A760FAA00F4D603 /* Toast */ = {
			isa = PBXGroup;
			children = (
				BC81AD3E1A761DCE00F4D603 /* SucceedNoticeIcon@2x.png */,
				BC81AD3B1A760FB800F4D603 /* ZYToast.h */,
				BC81AD3C1A760FB800F4D603 /* ZYToast.m */,
			);
			path = Toast;
			sourceTree = "<group>";
		};
/* End PBXGroup section */

/* Begin PBXNativeTarget section */
		BC81AD101A760F9100F4D603 /* ToastDemo */ = {
			isa = PBXNativeTarget;
			buildConfigurationList = BC81AD341A760F9100F4D603 /* Build configuration list for PBXNativeTarget "ToastDemo" */;
			buildPhases = (
				BC81AD0D1A760F9100F4D603 /* Sources */,
				BC81AD0E1A760F9100F4D603 /* Frameworks */,
				BC81AD0F1A760F9100F4D603 /* Resources */,
			);
			buildRules = (
			);
			dependencies = (
			);
			name = ToastDemo;
			productName = ToastDemo;
			productReference = BC81AD111A760F9100F4D603 /* ToastDemo.app */;
			productType = "com.apple.product-type.application";
		};
		BC81AD291A760F9100F4D603 /* ToastDemoTests */ = {
			isa = PBXNativeTarget;
			buildConfigurationList = BC81AD371A760F9100F4D603 /* Build configuration list for PBXNativeTarget "ToastDemoTests" */;
			buildPhases = (
				BC81AD261A760F9100F4D603 /* Sources */,
				BC81AD271A760F9100F4D603 /* Frameworks */,
				BC81AD281A760F9100F4D603 /* Resources */,
			);
			buildRules = (
			);
			dependencies = (
				BC81AD2C1A760F9100F4D603 /* PBXTargetDependency */,
			);
			name = ToastDemoTests;
			productName = ToastDemoTests;
			productReference = BC81AD2A1A760F9100F4D603 /* ToastDemoTests.xctest */;
			productType = "com.apple.product-type.bundle.unit-test";
		};
/* End PBXNativeTarget section */

/* Begin PBXProject section */
		BC81AD091A760F9100F4D603 /* Project object */ = {
			isa = PBXProject;
			attributes = {
				LastUpgradeCheck = 0610;
				ORGANIZATIONNAME = Xinling;
				TargetAttributes = {
					BC81AD101A760F9100F4D603 = {
						CreatedOnToolsVersion = 6.1.1;
					};
					BC81AD291A760F9100F4D603 = {
						CreatedOnToolsVersion = 6.1.1;
						TestTargetID = BC81AD101A760F9100F4D603;
					};
				};
			};
			buildConfigurationList = BC81AD0C1A760F9100F4D603 /* Build configuration list for PBXProject "ToastDemo" */;
			compatibilityVersion = "Xcode 3.2";
			developmentRegion = English;
			hasScannedForEncodings = 0;
			knownRegions = (
				en,
				Base,
			);
			mainGroup = BC81AD081A760F9100F4D603;
			productRefGroup = BC81AD121A760F9100F4D603 /* Products */;
			projectDirPath = "";
			projectRoot = "";
			targets = (
				BC81AD101A760F9100F4D603 /* ToastDemo */,
				BC81AD291A760F9100F4D603 /* ToastDemoTests */,
			);
		};
/* End PBXProject section */

/* Begin PBXResourcesBuildPhase section */
		BC81AD0F1A760F9100F4D603 /* Resources */ = {
			isa = PBXResourcesBuildPhase;
			buildActionMask = 2147483647;
			files = (
				BC81AD201A760F9100F4D603 /* Main.storyboard in Resources */,
				BC81AD251A760F9100F4D603 /* LaunchScreen.xib in Resources */,
				BC81AD221A760F9100F4D603 /* Images.xcassets in Resources */,
				BC81AD3F1A761DCE00F4D603 /* SucceedNoticeIcon@2x.png in Resources */,
			);
			runOnlyForDeploymentPostprocessing = 0;
		};
		BC81AD281A760F9100F4D603 /* Resources */ = {
			isa = PBXResourcesBuildPhase;
			buildActionMask = 2147483647;
			files = (
			);
			runOnlyForDeploymentPostprocessing = 0;
		};
/* End PBXResourcesBuildPhase section */

/* Begin PBXSourcesBuildPhase section */
		BC81AD0D1A760F9100F4D603 /* Sources */ = {
			isa = PBXSourcesBuildPhase;
			buildActionMask = 2147483647;
			files = (
				BC81AD1D1A760F9100F4D603 /* ViewController.m in Sources */,
				BC81AD3D1A760FB800F4D603 /* ZYToast.m in Sources */,
				BC81AD1A1A760F9100F4D603 /* AppDelegate.m in Sources */,
				BC81AD171A760F9100F4D603 /* main.m in Sources */,
			);
			runOnlyForDeploymentPostprocessing = 0;
		};
		BC81AD261A760F9100F4D603 /* Sources */ = {
			isa = PBXSourcesBuildPhase;
			buildActionMask = 2147483647;
			files = (
				BC81AD311A760F9100F4D603 /* ToastDemoTests.m in Sources */,
			);
			runOnlyForDeploymentPostprocessing = 0;
		};
/* End PBXSourcesBuildPhase section */

/* Begin PBXTargetDependency section */
		BC81AD2C1A760F9100F4D603 /* PBXTargetDependency */ = {
			isa = PBXTargetDependency;
			target = BC81AD101A760F9100F4D603 /* ToastDemo */;
			targetProxy = BC81AD2B1A760F9100F4D603 /* PBXContainerItemProxy */;
		};
/* End PBXTargetDependency section */

/* Begin PBXVariantGroup section */
		BC81AD1E1A760F9100F4D603 /* Main.storyboard */ = {
			isa = PBXVariantGroup;
			children = (
				BC81AD1F1A760F9100F4D603 /* Base */,
			);
			name = Main.storyboard;
			sourceTree = "<group>";
		};
		BC81AD231A760F9100F4D603 /* LaunchScreen.xib */ = {
			isa = PBXVariantGroup;
			children = (
				BC81AD241A760F9100F4D603 /* Base */,
			);
			name = LaunchScreen.xib;
			sourceTree = "<group>";
		};
/* End PBXVariantGroup section */

/* Begin XCBuildConfiguration section */
		BC81AD321A760F9100F4D603 /* Debug */ = {
			isa = XCBuildConfiguration;
			buildSettings = {
				ALWAYS_SEARCH_USER_PATHS = NO;
				CLANG_CXX_LANGUAGE_STANDARD = "gnu++0x";
				CLANG_CXX_LIBRARY = "libc++";
				CLANG_ENABLE_MODULES = YES;
				CLANG_ENABLE_OBJC_ARC = YES;
				CLANG_WARN_BOOL_CONVERSION = YES;
				CLANG_WARN_CONSTANT_CONVERSION = YES;
				CLANG_WARN_DIRECT_OBJC_ISA_USAGE = YES_ERROR;
				CLANG_WARN_EMPTY_BODY = YES;
				CLANG_WARN_ENUM_CONVERSION = YES;
				CLANG_WARN_INT_CONVERSION = YES;
				CLANG_WARN_OBJC_ROOT_CLASS = YES_ERROR;
				CLANG_WARN_UNREACHABLE_CODE = YES;
				CLANG_WARN__DUPLICATE_METHOD_MATCH = YES;
				"CODE_SIGN_IDENTITY[sdk=iphoneos*]" = "iPhone Developer";
				COPY_PHASE_STRIP = NO;
				ENABLE_STRICT_OBJC_MSGSEND = YES;
				GCC_C_LANGUAGE_STANDARD = gnu99;
				GCC_DYNAMIC_NO_PIC = NO;
				GCC_OPTIMIZATION_LEVEL = 0;
				GCC_PREPROCESSOR_DEFINITIONS = (
					"DEBUG=1",
					"$(inherited)",
				);
				GCC_SYMBOLS_PRIVATE_EXTERN = NO;
				GCC_WARN_64_TO_32_BIT_CONVERSION = YES;
				GCC_WARN_ABOUT_RETURN_TYPE = YES_ERROR;
				GCC_WARN_UNDECLARED_SELECTOR = YES;
				GCC_WARN_UNINITIALIZED_AUTOS = YES_AGGRESSIVE;
				GCC_WARN_UNUSED_FUNCTION = YES;
				GCC_WARN_UNUSED_VARIABLE = YES;
				IPHONEOS_DEPLOYMENT_TARGET = 8.1;
				MTL_ENABLE_DEBUG_INFO = YES;
				ONLY_ACTIVE_ARCH = YES;
				SDKROOT = iphoneos;
			};
			name = Debug;
		};
		BC81AD331A760F9100F4D603 /* Release */ = {
			isa = XCBuildConfiguration;
			buildSettings = {
				ALWAYS_SEARCH_USER_PATHS = NO;
				CLANG_CXX_LANGUAGE_STANDARD = "gnu++0x";
				CLANG_CXX_LIBRARY = "libc++";
				CLANG_ENABLE_MODULES = YES;
				CLANG_ENABLE_OBJC_ARC = YES;
				CLANG_WARN_BOOL_CONVERSION = YES;
				CLANG_WARN_CONSTANT_CONVERSION = YES;
				CLANG_WARN_DIRECT_OBJC_ISA_USAGE = YES_ERROR;
				CLANG_WARN_EMPTY_BODY = YES;
				CLANG_WARN_ENUM_CONVERSION = YES;
				CLANG_WARN_INT_CONVERSION = YES;
				CLANG_WARN_OBJC_ROOT_CLASS = YES_ERROR;
				CLANG_WARN_UNREACHABLE_CODE = YES;
				CLANG_WARN__DUPLICATE_METHOD_MATCH = YES;
				"CODE_SIGN_IDENTITY[sdk=iphoneos*]" = "iPhone Developer";
				COPY_PHASE_STRIP = YES;
				ENABLE_NS_ASSERTIONS = NO;
				ENABLE_STRICT_OBJC_MSGSEND = YES;
				GCC_C_LANGUAGE_STANDARD = gnu99;
				GCC_WARN_64_TO_32_BIT_CONVERSION = YES;
				GCC_WARN_ABOUT_RETURN_TYPE = YES_ERROR;
				GCC_WARN_UNDECLARED_SELECTOR = YES;
				GCC_WARN_UNINITIALIZED_AUTOS = YES_AGGRESSIVE;
				GCC_WARN_UNUSED_FUNCTION = YES;
				GCC_WARN_UNUSED_VARIABLE = YES;
				IPHONEOS_DEPLOYMENT_TARGET = 8.1;
				MTL_ENABLE_DEBUG_INFO = NO;
				SDKROOT = iphoneos;
				VALIDATE_PRODUCT = YES;
			};
			name = Release;
		};
		BC81AD351A760F9100F4D603 /* Debug */ = {
			isa = XCBuildConfiguration;
			buildSettings = {
				ASSETCATALOG_COMPILER_APPICON_NAME = AppIcon;
				INFOPLIST_FILE = ToastDemo/Info.plist;
				IPHONEOS_DEPLOYMENT_TARGET = 7.0;
				LD_RUNPATH_SEARCH_PATHS = "$(inherited) @executable_path/Frameworks";
				PRODUCT_NAME = "$(TARGET_NAME)";
			};
			name = Debug;
		};
		BC81AD361A760F9100F4D603 /* Release */ = {
			isa = XCBuildConfiguration;
			buildSettings = {
				ASSETCATALOG_COMPILER_APPICON_NAME = AppIcon;
				INFOPLIST_FILE = ToastDemo/Info.plist;
				IPHONEOS_DEPLOYMENT_TARGET = 7.0;
				LD_RUNPATH_SEARCH_PATHS = "$(inherited) @executable_path/Frameworks";
				PRODUCT_NAME = "$(TARGET_NAME)";
			};
			name = Release;
		};
		BC81AD381A760F9100F4D603 /* Debug */ = {
			isa = XCBuildConfiguration;
			buildSettings = {
				BUNDLE_LOADER = "$(TEST_HOST)";
				FRAMEWORK_SEARCH_PATHS = (
					"$(SDKROOT)/Developer/Library/Frameworks",
					"$(inherited)",
				);
				GCC_PREPROCESSOR_DEFINITIONS = (
					"DEBUG=1",
					"$(inherited)",
				);
				INFOPLIST_FILE = ToastDemoTests/Info.plist;
				LD_RUNPATH_SEARCH_PATHS = "$(inherited) @executable_path/Frameworks @loader_path/Frameworks";
				PRODUCT_NAME = "$(TARGET_NAME)";
				TEST_HOST = "$(BUILT_PRODUCTS_DIR)/ToastDemo.app/ToastDemo";
			};
			name = Debug;
		};
		BC81AD391A760F9100F4D603 /* Release */ = {
			isa = XCBuildConfiguration;
			buildSettings = {
				BUNDLE_LOADER = "$(TEST_HOST)";
				FRAMEWORK_SEARCH_PATHS = (
					"$(SDKROOT)/Developer/Library/Frameworks",
					"$(inherited)",
				);
				INFOPLIST_FILE = ToastDemoTests/Info.plist;
				LD_RUNPATH_SEARCH_PATHS = "$(inherited) @executable_path/Frameworks @loader_path/Frameworks";
				PRODUCT_NAME = "$(TARGET_NAME)";
				TEST_HOST = "$(BUILT_PRODUCTS_DIR)/ToastDemo.app/ToastDemo";
			};
			name = Release;
		};
/* End XCBuildConfiguration section */

/* Begin XCConfigurationList section */
		BC81AD0C1A760F9100F4D603 /* Build configuration list for PBXProject "ToastDemo" */ = {
			isa = XCConfigurationList;
			buildConfigurations = (
				BC81AD321A760F9100F4D603 /* Debug */,
				BC81AD331A760F9100F4D603 /* Release */,
			);
			defaultConfigurationIsVisible = 0;
			defaultConfigurationName = Release;
		};
		BC81AD341A760F9100F4D603 /* Build configuration list for PBXNativeTarget "ToastDemo" */ = {
			isa = XCConfigurationList;
			buildConfigurations = (
				BC81AD351A760F9100F4D603 /* Debug */,
				BC81AD361A760F9100F4D603 /* Release */,
			);
			defaultConfigurationIsVisible = 0;
			defaultConfigurationName = Release;
		};
		BC81AD371A760F9100F4D603 /* Build configuration list for PBXNativeTarget "ToastDemoTests" */ = {
			isa = XCConfigurationList;
			buildConfigurations = (
				BC81AD381A760F9100F4D603 /* Debug */,
				BC81AD391A760F9100F4D603 /* Release */,
			);
			defaultConfigurationIsVisible = 0;
			defaultConfigurationName = Release;
		};
/* End XCConfigurationList section */
	};
	rootObject = BC81AD091A760F9100F4D603 /* Project object */;
}
